
Microsoft Visual Studio Solution File, Format Version 12.00
# Visual Studio Version 17
VisualStudioVersion = 17.13.35806.99 d17.13
MinimumVisualStudioVersion = 10.0.40219.1
Project("{FAE04EC0-301F-11D3-BF4B-00C04F79EFBC}") = "TarefeiroAPI", "TarefeiroAPI\TarefeiroAPI.csproj", "{36685666-3127-43C2-9D85-6E085D78B691}"
EndProject
Global
	GlobalSection(SolutionConfigurationPlatforms) = preSolution
		Debug|Any CPU = Debug|Any CPU
		Release|Any CPU = Release|Any CPU
	EndGlobalSection
	GlobalSection(ProjectConfigurationPlatforms) = postSolution
		{36685666-3127-43C2-9D85-6E085D78B691}.Debug|Any CPU.ActiveCfg = Debug|Any CPU
		{36685666-3127-43C2-9D85-6E085D78B691}.Debug|Any CPU.Build.0 = Debug|Any CPU
		{36685666-3127-43C2-9D85-6E085D78B691}.Release|Any CPU.ActiveCfg = Release|Any CPU
		{36685666-3127-43C2-9D85-6E085D78B691}.Release|Any CPU.Build.0 = Release|Any CPU
	EndGlobalSection
	GlobalSection(SolutionProperties) = preSolution
		HideSolutionNode = FALSE
	EndGlobalSection
	GlobalSection(ExtensibilityGlobals) = postSolution
		SolutionGuid = {7B73CFE0-2837-4723-A4BD-FFC7BA1D80C4}
	EndGlobalSection
EndGlobal
